
Microsoft Visual Studio Solution File, Format Version 12.00
# Visual Studio Version 17
VisualStudioVersion = 17.1.32210.238
MinimumVisualStudioVersion = 10.0.40219.1
Project("{FAE04EC0-301F-11D3-BF4B-00C04F79EFBC}") = "HotChocolatePOC", "HotChocolatePOC.csproj", "{06225CA8-BE1E-410B-8C62-F17F28D9CC00}"
EndProject
Project("{FAE04EC0-301F-11D3-BF4B-00C04F79EFBC}") = "Domain", "..\Domain\Domain.csproj", "{0220FEC1-B3B3-44A8-B872-20EC79B83F9E}"
EndProject
Project("{FAE04EC0-301F-11D3-BF4B-00C04F79EFBC}") = "Data", "..\Data\Data.csproj", "{0207290F-12BB-4638-B576-9D51BEFC6B52}"
EndProject
Global
	GlobalSection(SolutionConfigurationPlatforms) = preSolution
		Debug|Any CPU = Debug|Any CPU
		Release|Any CPU = Release|Any CPU
	EndGlobalSection
	GlobalSection(ProjectConfigurationPlatforms) = postSolution
		{06225CA8-BE1E-410B-8C62-F17F28D9CC00}.Debug|Any CPU.ActiveCfg = Debug|Any CPU
		{06225CA8-BE1E-410B-8C62-F17F28D9CC00}.Debug|Any CPU.Build.0 = Debug|Any CPU
		{06225CA8-BE1E-410B-8C62-F17F28D9CC00}.Release|Any CPU.ActiveCfg = Release|Any CPU
		{06225CA8-BE1E-410B-8C62-F17F28D9CC00}.Release|Any CPU.Build.0 = Release|Any CPU
		{0220FEC1-B3B3-44A8-B872-20EC79B83F9E}.Debug|Any CPU.ActiveCfg = Debug|Any CPU
		{0220FEC1-B3B3-44A8-B872-20EC79B83F9E}.Debug|Any CPU.Build.0 = Debug|Any CPU
		{0220FEC1-B3B3-44A8-B872-20EC79B83F9E}.Release|Any CPU.ActiveCfg = Release|Any CPU
		{0220FEC1-B3B3-44A8-B872-20EC79B83F9E}.Release|Any CPU.Build.0 = Release|Any CPU
		{0207290F-12BB-4638-B576-9D51BEFC6B52}.Debug|Any CPU.ActiveCfg = Debug|Any CPU
		{0207290F-12BB-4638-B576-9D51BEFC6B52}.Debug|Any CPU.Build.0 = Debug|Any CPU
		{0207290F-12BB-4638-B576-9D51BEFC6B52}.Release|Any CPU.ActiveCfg = Release|Any CPU
		{0207290F-12BB-4638-B576-9D51BEFC6B52}.Release|Any CPU.Build.0 = Release|Any CPU
	EndGlobalSection
	GlobalSection(SolutionProperties) = preSolution
		HideSolutionNode = FALSE
	EndGlobalSection
	GlobalSection(ExtensibilityGlobals) = postSolution
		SolutionGuid = {CC05E333-E73F-4EFF-A368-7C8D8E5363B9}
	EndGlobalSection
EndGlobal
